
Microsoft Visual Studio Solution File, Format Version 12.00
# Visual Studio 15
VisualStudioVersion = 15.0.28010.2050
MinimumVisualStudioVersion = 10.0.40219.1
Project("{E24C65DC-7377-472B-9ABA-BC803B73C61A}") = "UpdateParkingLotService", "UpdateParkingLotService\", "{C6A0536C-92F2-4114-A7F4-0AEB6795D70C}"
	ProjectSection(WebsiteProperties) = preProject
		TargetFrameworkMoniker = ".NETFramework,Version%3Dv4.6.1"
		Debug.AspNetCompiler.VirtualPath = "/localhost_58014"
		Debug.AspNetCompiler.PhysicalPath = "UpdateParkingLotService\"
		Debug.AspNetCompiler.TargetPath = "PrecompiledWeb\localhost_58014\"
		Debug.AspNetCompiler.Updateable = "true"
		Debug.AspNetCompiler.ForceOverwrite = "true"
		Debug.AspNetCompiler.FixedNames = "false"
		Debug.AspNetCompiler.Debug = "True"
		Release.AspNetCompiler.VirtualPath = "/localhost_58014"
		Release.AspNetCompiler.PhysicalPath = "UpdateParkingLotService\"
		Release.AspNetCompiler.TargetPath = "PrecompiledWeb\localhost_58014\"
		Release.AspNetCompiler.Updateable = "true"
		Release.AspNetCompiler.ForceOverwrite = "true"
		Release.AspNetCompiler.FixedNames = "false"
		Release.AspNetCompiler.Debug = "False"
		VWDPort = "58014"
		SlnRelativePath = "UpdateParkingLotService\"
		DefaultWebSiteLanguage = "Visual C#"
	EndProjectSection
EndProject
Project("{9A19103F-16F7-4668-BE54-9A1E7A4F7556}") = "TestUpdateParkingLotService", "TestUpdateParkingLotService\TestUpdateParkingLotService.csproj", "{6965E3F6-75D6-4EA0-94EB-A95C310A76B4}"
EndProject
Project("{E24C65DC-7377-472B-9ABA-BC803B73C61A}") = "ReadParkingLotService", "ReadParkingLotService\", "{317CF632-99EF-4C11-815D-FFA018BA577C}"
	ProjectSection(WebsiteProperties) = preProject
		TargetFrameworkMoniker = ".NETFramework,Version%3Dv4.6.1"
		Debug.AspNetCompiler.VirtualPath = "/localhost_58751"
		Debug.AspNetCompiler.PhysicalPath = "ReadParkingLotService\"
		Debug.AspNetCompiler.TargetPath = "PrecompiledWeb\localhost_58751\"
		Debug.AspNetCompiler.Updateable = "true"
		Debug.AspNetCompiler.ForceOverwrite = "true"
		Debug.AspNetCompiler.FixedNames = "false"
		Debug.AspNetCompiler.Debug = "True"
		Release.AspNetCompiler.VirtualPath = "/localhost_58751"
		Release.AspNetCompiler.PhysicalPath = "ReadParkingLotService\"
		Release.AspNetCompiler.TargetPath = "PrecompiledWeb\localhost_58751\"
		Release.AspNetCompiler.Updateable = "true"
		Release.AspNetCompiler.ForceOverwrite = "true"
		Release.AspNetCompiler.FixedNames = "false"
		Release.AspNetCompiler.Debug = "False"
		VWDPort = "58751"
		SlnRelativePath = "ReadParkingLotService\"
		DefaultWebSiteLanguage = "Visual C#"
	EndProjectSection
EndProject
Project("{9A19103F-16F7-4668-BE54-9A1E7A4F7556}") = "TestReadParkingLotService", "TestReadParkingLotService\TestReadParkingLotService.csproj", "{638C40CB-292A-4162-BD6D-FC87253BEB37}"
EndProject
Project("{FAE04EC0-301F-11D3-BF4B-00C04F79EFBC}") = "CarParkWpf", "CarParkWpf\CarParkWpf.csproj", "{F1BCC7E1-3829-494F-A755-3630D97A4864}"
	ProjectSection(ProjectDependencies) = postProject
		{317CF632-99EF-4C11-815D-FFA018BA577C} = {317CF632-99EF-4C11-815D-FFA018BA577C}
	EndProjectSection
EndProject
Global
	GlobalSection(SolutionConfigurationPlatforms) = preSolution
		Debug|Any CPU = Debug|Any CPU
		Release|Any CPU = Release|Any CPU
	EndGlobalSection
	GlobalSection(ProjectConfigurationPlatforms) = postSolution
		{C6A0536C-92F2-4114-A7F4-0AEB6795D70C}.Debug|Any CPU.ActiveCfg = Debug|Any CPU
		{C6A0536C-92F2-4114-A7F4-0AEB6795D70C}.Debug|Any CPU.Build.0 = Debug|Any CPU
		{C6A0536C-92F2-4114-A7F4-0AEB6795D70C}.Release|Any CPU.ActiveCfg = Debug|Any CPU
		{C6A0536C-92F2-4114-A7F4-0AEB6795D70C}.Release|Any CPU.Build.0 = Debug|Any CPU
		{6965E3F6-75D6-4EA0-94EB-A95C310A76B4}.Debug|Any CPU.ActiveCfg = Debug|Any CPU
		{6965E3F6-75D6-4EA0-94EB-A95C310A76B4}.Debug|Any CPU.Build.0 = Debug|Any CPU
		{6965E3F6-75D6-4EA0-94EB-A95C310A76B4}.Release|Any CPU.ActiveCfg = Release|Any CPU
		{6965E3F6-75D6-4EA0-94EB-A95C310A76B4}.Release|Any CPU.Build.0 = Release|Any CPU
		{317CF632-99EF-4C11-815D-FFA018BA577C}.Debug|Any CPU.ActiveCfg = Debug|Any CPU
		{317CF632-99EF-4C11-815D-FFA018BA577C}.Debug|Any CPU.Build.0 = Debug|Any CPU
		{317CF632-99EF-4C11-815D-FFA018BA577C}.Release|Any CPU.ActiveCfg = Debug|Any CPU
		{317CF632-99EF-4C11-815D-FFA018BA577C}.Release|Any CPU.Build.0 = Debug|Any CPU
		{638C40CB-292A-4162-BD6D-FC87253BEB37}.Debug|Any CPU.ActiveCfg = Debug|Any CPU
		{638C40CB-292A-4162-BD6D-FC87253BEB37}.Debug|Any CPU.Build.0 = Debug|Any CPU
		{638C40CB-292A-4162-BD6D-FC87253BEB37}.Release|Any CPU.ActiveCfg = Release|Any CPU
		{638C40CB-292A-4162-BD6D-FC87253BEB37}.Release|Any CPU.Build.0 = Release|Any CPU
		{F1BCC7E1-3829-494F-A755-3630D97A4864}.Debug|Any CPU.ActiveCfg = Debug|Any CPU
		{F1BCC7E1-3829-494F-A755-3630D97A4864}.Debug|Any CPU.Build.0 = Debug|Any CPU
		{F1BCC7E1-3829-494F-A755-3630D97A4864}.Release|Any CPU.ActiveCfg = Release|Any CPU
		{F1BCC7E1-3829-494F-A755-3630D97A4864}.Release|Any CPU.Build.0 = Release|Any CPU
	EndGlobalSection
	GlobalSection(SolutionProperties) = preSolution
		HideSolutionNode = FALSE
	EndGlobalSection
	GlobalSection(ExtensibilityGlobals) = postSolution
		SolutionGuid = {45F6E61F-A91C-4902-B7EA-77704209A35A}
	EndGlobalSection
EndGlobal
